
Microsoft Visual Studio Solution File, Format Version 12.00
# Visual Studio Version 16
VisualStudioVersion = 16.0.29418.71
MinimumVisualStudioVersion = 10.0.40219.1
Project("{FAE04EC0-301F-11D3-BF4B-00C04F79EFBC}") = "Flames Layout2", "Flames Layout2.csproj", "{75F4875D-1597-4037-BFC6-F3A94AFCAAF7}"
EndProject
Global
	GlobalSection(SolutionConfigurationPlatforms) = preSolution
		Debug|Any CPU = Debug|Any CPU
		Release|Any CPU = Release|Any CPU
	EndGlobalSection
	GlobalSection(ProjectConfigurationPlatforms) = postSolution
		{75F4875D-1597-4037-BFC6-F3A94AFCAAF7}.Debug|Any CPU.ActiveCfg = Debug|Any CPU
		{75F4875D-1597-4037-BFC6-F3A94AFCAAF7}.Debug|Any CPU.Build.0 = Debug|Any CPU
		{75F4875D-1597-4037-BFC6-F3A94AFCAAF7}.Release|Any CPU.ActiveCfg = Release|Any CPU
		{75F4875D-1597-4037-BFC6-F3A94AFCAAF7}.Release|Any CPU.Build.0 = Release|Any CPU
	EndGlobalSection
	GlobalSection(SolutionProperties) = preSolution
		HideSolutionNode = FALSE
	EndGlobalSection
	GlobalSection(ExtensibilityGlobals) = postSolution
		SolutionGuid = {08C59D20-CC3C-481F-8F94-355E565BC7A7}
	EndGlobalSection
EndGlobal
